<?xml version="1.0" encoding="UTF-8" standalone="yes" ?>
<CodeBlocks_project_file>
	<FileVersion major="1" minor="6" />
	<Project>
		<Option title="" />
		<Option pch_mode="2" />
		<Option compiler="gcc" />
		<Build>
			<Target title="Debug Win32">
				<Option output="SoundMeasureDUE_01" prefix_auto="1" extension_auto="1" />
				<Option type="0" />
				<Option compiler="gcc" />
				<Compiler>
					<Add option="-Dprintf=iprintf" />
					<Add option="-DF_CPU=84000000L" />
					<Add option="-DARDUINO=10607" />
					<Add option="-DARDUINO_SAM_DUE" />
					<Add option="-DARDUINO_ARCH_SAM" />
					<Add option="-D__SAM3X8E__" />
					<Add option="-DUSB_VID=0x2341" />
					<Add option="-DUSB_PID=0x003e" />
					<Add option="-DUSBCON" />
					<Add option="-D__cplusplus=201103L" />
					<Add option="-D_VMICRO_INTELLISENSE" />
					<Add directory="C:/Users/moseichuk/AppData/Local/arduino15/packages/arduino/hardware/sam/1.6.11/libraries/SPI/src" />
					<Add directory="D:/1 SVN SoundMeasure/trunk/SoundMeasureDUE_01/libraries/SdFat" />
					<Add directory="D:/1 SVN SoundMeasure/trunk/SoundMeasureDUE_01/libraries/UTFT" />
					<Add directory="D:/1 SVN SoundMeasure/trunk/SoundMeasureDUE_01/libraries/UTouch" />
					<Add directory="D:/1 SVN SoundMeasure/trunk/SoundMeasureDUE_01/libraries/UTFT_Buttons" />
					<Add directory="D:/1 SVN SoundMeasure/trunk/SoundMeasureDUE_01/libraries/DueTimer" />
					<Add directory="D:/1 SVN SoundMeasure/trunk/SoundMeasureDUE_01/libraries/AH_AD9850" />
					<Add directory="C:/Users/moseichuk/AppData/Local/arduino15/packages/arduino/hardware/sam/1.6.11/libraries/Wire/src" />
					<Add directory="D:/1 SVN SoundMeasure/trunk/SoundMeasureDUE_01/libraries/ArduinoDueRTCLibrary" />
					<Add directory="D:/1 SVN SoundMeasure/trunk/SoundMeasureDUE_01/libraries/SdFat/utility" />
					<Add directory="C:/Arduino-1.6.7/libraries" />
					<Add directory="C:/Users/moseichuk/AppData/Local/arduino15/packages/arduino/hardware/sam/1.6.11/libraries" />
					<Add directory="D:/1 SVN SoundMeasure/trunk/SoundMeasureDUE_01/libraries" />
					<Add directory="C:/Users/moseichuk/AppData/Local/arduino15/packages/arduino/hardware/sam/1.6.11/cores/arduino" />
					<Add directory="C:/Users/moseichuk/AppData/Local/arduino15/packages/arduino/hardware/sam/1.6.11/cores/arduino/avr" />
					<Add directory="C:/Users/moseichuk/AppData/Local/arduino15/packages/arduino/hardware/sam/1.6.11/cores/arduino/USB" />
					<Add directory="C:/Users/moseichuk/AppData/Local/arduino15/packages/arduino/hardware/sam/1.6.11/variants/arduino_due_x" />
					<Add directory="D:/1 SVN SoundMeasure/trunk/SoundMeasureDUE_01/../SoundMeasureDUE_01" />
					<Add directory="C:/Users/moseichuk/AppData/Local/arduino15/packages/arduino/hardware/sam/1.6.11/system/libsam" />
					<Add directory="C:/Users/moseichuk/AppData/Local/arduino15/packages/arduino/hardware/sam/1.6.11/system/CMSIS/CMSIS/Include/" />
					<Add directory="C:/Users/moseichuk/AppData/Local/arduino15/packages/arduino/hardware/sam/1.6.11/system/CMSIS/Device/ATMEL/" />
					<Add directory="C:/Users/moseichuk/AppData/Local/arduino15/packages/arduino/tools/arm-none-eabi-gcc/4.8.3-2014q1/arm-none-eabi/include/c++/4.8.3" />
					<Add directory="C:/Users/moseichuk/AppData/Local/arduino15/packages/arduino/tools/arm-none-eabi-gcc/4.8.3-2014q1/arm-none-eabi/include/c++/4.8.3/arm-none-eabi/" />
					<Add directory="C:/Users/moseichuk/AppData/Local/arduino15/packages/arduino/tools/arm-none-eabi-gcc/4.8.3-2014q1/arm-none-eabi/include/" />
					<Add directory="C:/Users/moseichuk/AppData/Local/arduino15/packages/arduino/tools/arm-none-eabi-gcc/4.8.3-2014q1/lib/gcc/arm-none-eabi/4.8.3/include" />
					<Add directory="C:/Users/moseichuk/AppData/Local/arduino15/packages/arduino/hardware/sam/1.6.11/system/libsam/include" />
					<Add directory="C:/Arduino-1.6.7/hardware/tools/g++_arm_none_eabi/arm-none-eabi/include" />
					<Add directory="C:/Arduino-1.6.7/hardware/tools/g++_arm_none_eabi/arm_none_eabi/include/" />
					<Add directory="C:/Arduino-1.6.7/hardware/tools/g++_arm_none_eabi/lib/gcc/arm-none-eabi/4.4.1/include" />
					<Add directory="C:/Arduino-1.6.7/hardware/tools/g++_arm_none_eabi/lib/gcc/arm-none-eabi/4.4.1/include/" />
					<Add directory="C:/Users/moseichuk/AppData/Local/arduino15/packages/arduino/hardware/sam/1.6.11/system/CMSIS/Device/ATMEL/sam3xa/include/pio" />
					<Add directory="C:/Users/moseichuk/AppData/Local/arduino15/packages/arduino/hardware/sam/1.6.11/CMSIS/CMSIS/Include/" />
					<Add directory="C:/Users/moseichuk/AppData/Local/arduino15/packages/arduino/hardware/sam/1.6.11/system/CMSIS/Device/ATMEL/sam3xa/include" />
					<Add directory="C:/Users/moseichuk/AppData/Local/arduino15/packages/arduino/hardware/sam/1.6.11/system/CMSIS/Device/ATMEL" />
				</Compiler>
			</Target>
			<Target title="Release Win32">
				<Option output="SoundMeasureDUE_01" prefix_auto="1" extension_auto="1" />
				<Option type="0" />
				<Option compiler="gcc" />
			</Target>
		</Build>
		<Unit filename="AnalogBinLogger.h" />
		<Unit filename="SoundMeasureDUE_01.ino" />
		<Unit filename="__vm/.SoundMeasureDUE_01.vsarduino.h" />
		<Unit filename="setTimeDateDUE.ino" />
		<Unit filename="utils.ino" />
		<Extensions>
			<code_completion />
			<envvars />
			<debugger />
		</Extensions>
	</Project>
</CodeBlocks_project_file>
